
Microsoft Visual Studio Solution File, Format Version 12.00
# Visual Studio Version 17
VisualStudioVersion = 17.14.36327.8 d17.14
MinimumVisualStudioVersion = 10.0.40219.1
Project("{FAE04EC0-301F-11D3-BF4B-00C04F79EFBC}") = "Authentication", "Authentication\Authentication.csproj", "{DC166CD6-44A9-404F-B5A9-0908B8996BD2}"
EndProject
Global
	GlobalSection(SolutionConfigurationPlatforms) = preSolution
		Debug|Any CPU = Debug|Any CPU
		Release|Any CPU = Release|Any CPU
	EndGlobalSection
	GlobalSection(ProjectConfigurationPlatforms) = postSolution
		{DC166CD6-44A9-404F-B5A9-0908B8996BD2}.Debug|Any CPU.ActiveCfg = Debug|Any CPU
		{DC166CD6-44A9-404F-B5A9-0908B8996BD2}.Debug|Any CPU.Build.0 = Debug|Any CPU
		{DC166CD6-44A9-404F-B5A9-0908B8996BD2}.Release|Any CPU.ActiveCfg = Release|Any CPU
		{DC166CD6-44A9-404F-B5A9-0908B8996BD2}.Release|Any CPU.Build.0 = Release|Any CPU
	EndGlobalSection
	GlobalSection(SolutionProperties) = preSolution
		HideSolutionNode = FALSE
	EndGlobalSection
	GlobalSection(ExtensibilityGlobals) = postSolution
		SolutionGuid = {20540A11-A665-4128-B3D6-2C0F80323923}
	EndGlobalSection
EndGlobal
